
Microsoft Visual Studio Solution File, Format Version 12.00
# Visual Studio Version 17
VisualStudioVersion = 17.0.31903.59
MinimumVisualStudioVersion = 10.0.40219.1
Project("{FAE04EC0-301F-11D3-BF4B-00C04F79EFBC}") = "MyApi.Api", "MyApi.Api\MyApi.Api.csproj", "{DA35AEA2-A539-49F3-92D3-1E1C8C793DFA}"
EndProject
Project("{FAE04EC0-301F-11D3-BF4B-00C04F79EFBC}") = "MyApi.Api.Tests", "MyApi.Api.Tests\MyApi.Api.Tests.csproj", "{D1F0237A-7C3F-4045-8970-AED1A62DA295}"
EndProject
Project("{FAE04EC0-301F-11D3-BF4B-00C04F79EFBC}") = "MyApi.Application", "MyApi.Application\MyApi.Application.csproj", "{BBF5842C-4160-4C19-AC99-4F73DF7678F7}"
EndProject
Project("{FAE04EC0-301F-11D3-BF4B-00C04F79EFBC}") = "MyApi.Application.Tests", "MyApi.Application.Tests\MyApi.Application.Tests.csproj", "{B4C8C229-3461-45E0-B4A5-E67686EE7A95}"
EndProject
Project("{FAE04EC0-301F-11D3-BF4B-00C04F79EFBC}") = "MyApi.Domain", "MyApi.Domain\MyApi.Domain.csproj", "{E5E1967F-2395-4EB3-8575-CA6B1FD95658}"
EndProject
Project("{FAE04EC0-301F-11D3-BF4B-00C04F79EFBC}") = "MyApi.Infrastructure", "MyApi.Infrastructure\MyApi.Infrastructure.csproj", "{530983F0-1F5B-4C89-81D7-666DCF50DCF5}"
EndProject
Project("{FAE04EC0-301F-11D3-BF4B-00C04F79EFBC}") = "MyApi.Infrastructure.Tests", "MyApi.Infrastructure.Tests\MyApi.Infrastructure.Tests.csproj", "{4C2B899B-E381-443B-902A-68D70BA09FB3}"
EndProject
Global
	GlobalSection(SolutionConfigurationPlatforms) = preSolution
		Debug|Any CPU = Debug|Any CPU
		Debug|x64 = Debug|x64
		Debug|x86 = Debug|x86
		Release|Any CPU = Release|Any CPU
		Release|x64 = Release|x64
		Release|x86 = Release|x86
	EndGlobalSection
	GlobalSection(ProjectConfigurationPlatforms) = postSolution
		{DA35AEA2-A539-49F3-92D3-1E1C8C793DFA}.Debug|Any CPU.ActiveCfg = Debug|Any CPU
		{DA35AEA2-A539-49F3-92D3-1E1C8C793DFA}.Debug|Any CPU.Build.0 = Debug|Any CPU
		{DA35AEA2-A539-49F3-92D3-1E1C8C793DFA}.Debug|x64.ActiveCfg = Debug|Any CPU
		{DA35AEA2-A539-49F3-92D3-1E1C8C793DFA}.Debug|x64.Build.0 = Debug|Any CPU
		{DA35AEA2-A539-49F3-92D3-1E1C8C793DFA}.Debug|x86.ActiveCfg = Debug|Any CPU
		{DA35AEA2-A539-49F3-92D3-1E1C8C793DFA}.Debug|x86.Build.0 = Debug|Any CPU
		{DA35AEA2-A539-49F3-92D3-1E1C8C793DFA}.Release|Any CPU.ActiveCfg = Release|Any CPU
		{DA35AEA2-A539-49F3-92D3-1E1C8C793DFA}.Release|Any CPU.Build.0 = Release|Any CPU
		{DA35AEA2-A539-49F3-92D3-1E1C8C793DFA}.Release|x64.ActiveCfg = Release|Any CPU
		{DA35AEA2-A539-49F3-92D3-1E1C8C793DFA}.Release|x64.Build.0 = Release|Any CPU
		{DA35AEA2-A539-49F3-92D3-1E1C8C793DFA}.Release|x86.ActiveCfg = Release|Any CPU
		{DA35AEA2-A539-49F3-92D3-1E1C8C793DFA}.Release|x86.Build.0 = Release|Any CPU
		{D1F0237A-7C3F-4045-8970-AED1A62DA295}.Debug|Any CPU.ActiveCfg = Debug|Any CPU
		{D1F0237A-7C3F-4045-8970-AED1A62DA295}.Debug|Any CPU.Build.0 = Debug|Any CPU
		{D1F0237A-7C3F-4045-8970-AED1A62DA295}.Debug|x64.ActiveCfg = Debug|Any CPU
		{D1F0237A-7C3F-4045-8970-AED1A62DA295}.Debug|x64.Build.0 = Debug|Any CPU
		{D1F0237A-7C3F-4045-8970-AED1A62DA295}.Debug|x86.ActiveCfg = Debug|Any CPU
		{D1F0237A-7C3F-4045-8970-AED1A62DA295}.Debug|x86.Build.0 = Debug|Any CPU
		{D1F0237A-7C3F-4045-8970-AED1A62DA295}.Release|Any CPU.ActiveCfg = Release|Any CPU
		{D1F0237A-7C3F-4045-8970-AED1A62DA295}.Release|Any CPU.Build.0 = Release|Any CPU
		{D1F0237A-7C3F-4045-8970-AED1A62DA295}.Release|x64.ActiveCfg = Release|Any CPU
		{D1F0237A-7C3F-4045-8970-AED1A62DA295}.Release|x64.Build.0 = Release|Any CPU
		{D1F0237A-7C3F-4045-8970-AED1A62DA295}.Release|x86.ActiveCfg = Release|Any CPU
		{D1F0237A-7C3F-4045-8970-AED1A62DA295}.Release|x86.Build.0 = Release|Any CPU
		{BBF5842C-4160-4C19-AC99-4F73DF7678F7}.Debug|Any CPU.ActiveCfg = Debug|Any CPU
		{BBF5842C-4160-4C19-AC99-4F73DF7678F7}.Debug|Any CPU.Build.0 = Debug|Any CPU
		{BBF5842C-4160-4C19-AC99-4F73DF7678F7}.Debug|x64.ActiveCfg = Debug|Any CPU
		{BBF5842C-4160-4C19-AC99-4F73DF7678F7}.Debug|x64.Build.0 = Debug|Any CPU
		{BBF5842C-4160-4C19-AC99-4F73DF7678F7}.Debug|x86.ActiveCfg = Debug|Any CPU
		{BBF5842C-4160-4C19-AC99-4F73DF7678F7}.Debug|x86.Build.0 = Debug|Any CPU
		{BBF5842C-4160-4C19-AC99-4F73DF7678F7}.Release|Any CPU.ActiveCfg = Release|Any CPU
		{BBF5842C-4160-4C19-AC99-4F73DF7678F7}.Release|Any CPU.Build.0 = Release|Any CPU
		{BBF5842C-4160-4C19-AC99-4F73DF7678F7}.Release|x64.ActiveCfg = Release|Any CPU
		{BBF5842C-4160-4C19-AC99-4F73DF7678F7}.Release|x64.Build.0 = Release|Any CPU
		{BBF5842C-4160-4C19-AC99-4F73DF7678F7}.Release|x86.ActiveCfg = Release|Any CPU
		{BBF5842C-4160-4C19-AC99-4F73DF7678F7}.Release|x86.Build.0 = Release|Any CPU
		{B4C8C229-3461-45E0-B4A5-E67686EE7A95}.Debug|Any CPU.ActiveCfg = Debug|Any CPU
		{B4C8C229-3461-45E0-B4A5-E67686EE7A95}.Debug|Any CPU.Build.0 = Debug|Any CPU
		{B4C8C229-3461-45E0-B4A5-E67686EE7A95}.Debug|x64.ActiveCfg = Debug|Any CPU
		{B4C8C229-3461-45E0-B4A5-E67686EE7A95}.Debug|x64.Build.0 = Debug|Any CPU
		{B4C8C229-3461-45E0-B4A5-E67686EE7A95}.Debug|x86.ActiveCfg = Debug|Any CPU
		{B4C8C229-3461-45E0-B4A5-E67686EE7A95}.Debug|x86.Build.0 = Debug|Any CPU
		{B4C8C229-3461-45E0-B4A5-E67686EE7A95}.Release|Any CPU.ActiveCfg = Release|Any CPU
		{B4C8C229-3461-45E0-B4A5-E67686EE7A95}.Release|Any CPU.Build.0 = Release|Any CPU
		{B4C8C229-3461-45E0-B4A5-E67686EE7A95}.Release|x64.ActiveCfg = Release|Any CPU
		{B4C8C229-3461-45E0-B4A5-E67686EE7A95}.Release|x64.Build.0 = Release|Any CPU
		{B4C8C229-3461-45E0-B4A5-E67686EE7A95}.Release|x86.ActiveCfg = Release|Any CPU
		{B4C8C229-3461-45E0-B4A5-E67686EE7A95}.Release|x86.Build.0 = Release|Any CPU
		{E5E1967F-2395-4EB3-8575-CA6B1FD95658}.Debug|Any CPU.ActiveCfg = Debug|Any CPU
		{E5E1967F-2395-4EB3-8575-CA6B1FD95658}.Debug|Any CPU.Build.0 = Debug|Any CPU
		{E5E1967F-2395-4EB3-8575-CA6B1FD95658}.Debug|x64.ActiveCfg = Debug|Any CPU
		{E5E1967F-2395-4EB3-8575-CA6B1FD95658}.Debug|x64.Build.0 = Debug|Any CPU
		{E5E1967F-2395-4EB3-8575-CA6B1FD95658}.Debug|x86.ActiveCfg = Debug|Any CPU
		{E5E1967F-2395-4EB3-8575-CA6B1FD95658}.Debug|x86.Build.0 = Debug|Any CPU
		{E5E1967F-2395-4EB3-8575-CA6B1FD95658}.Release|Any CPU.ActiveCfg = Release|Any CPU
		{E5E1967F-2395-4EB3-8575-CA6B1FD95658}.Release|Any CPU.Build.0 = Release|Any CPU
		{E5E1967F-2395-4EB3-8575-CA6B1FD95658}.Release|x64.ActiveCfg = Release|Any CPU
		{E5E1967F-2395-4EB3-8575-CA6B1FD95658}.Release|x64.Build.0 = Release|Any CPU
		{E5E1967F-2395-4EB3-8575-CA6B1FD95658}.Release|x86.ActiveCfg = Release|Any CPU
		{E5E1967F-2395-4EB3-8575-CA6B1FD95658}.Release|x86.Build.0 = Release|Any CPU
		{530983F0-1F5B-4C89-81D7-666DCF50DCF5}.Debug|Any CPU.ActiveCfg = Debug|Any CPU
		{530983F0-1F5B-4C89-81D7-666DCF50DCF5}.Debug|Any CPU.Build.0 = Debug|Any CPU
		{530983F0-1F5B-4C89-81D7-666DCF50DCF5}.Debug|x64.ActiveCfg = Debug|Any CPU
		{530983F0-1F5B-4C89-81D7-666DCF50DCF5}.Debug|x64.Build.0 = Debug|Any CPU
		{530983F0-1F5B-4C89-81D7-666DCF50DCF5}.Debug|x86.ActiveCfg = Debug|Any CPU
		{530983F0-1F5B-4C89-81D7-666DCF50DCF5}.Debug|x86.Build.0 = Debug|Any CPU
		{530983F0-1F5B-4C89-81D7-666DCF50DCF5}.Release|Any CPU.ActiveCfg = Release|Any CPU
		{530983F0-1F5B-4C89-81D7-666DCF50DCF5}.Release|Any CPU.Build.0 = Release|Any CPU
		{530983F0-1F5B-4C89-81D7-666DCF50DCF5}.Release|x64.ActiveCfg = Release|Any CPU
		{530983F0-1F5B-4C89-81D7-666DCF50DCF5}.Release|x64.Build.0 = Release|Any CPU
		{530983F0-1F5B-4C89-81D7-666DCF50DCF5}.Release|x86.ActiveCfg = Release|Any CPU
		{530983F0-1F5B-4C89-81D7-666DCF50DCF5}.Release|x86.Build.0 = Release|Any CPU
		{4C2B899B-E381-443B-902A-68D70BA09FB3}.Debug|Any CPU.ActiveCfg = Debug|Any CPU
		{4C2B899B-E381-443B-902A-68D70BA09FB3}.Debug|Any CPU.Build.0 = Debug|Any CPU
		{4C2B899B-E381-443B-902A-68D70BA09FB3}.Debug|x64.ActiveCfg = Debug|Any CPU
		{4C2B899B-E381-443B-902A-68D70BA09FB3}.Debug|x64.Build.0 = Debug|Any CPU
		{4C2B899B-E381-443B-902A-68D70BA09FB3}.Debug|x86.ActiveCfg = Debug|Any CPU
		{4C2B899B-E381-443B-902A-68D70BA09FB3}.Debug|x86.Build.0 = Debug|Any CPU
		{4C2B899B-E381-443B-902A-68D70BA09FB3}.Release|Any CPU.ActiveCfg = Release|Any CPU
		{4C2B899B-E381-443B-902A-68D70BA09FB3}.Release|Any CPU.Build.0 = Release|Any CPU
		{4C2B899B-E381-443B-902A-68D70BA09FB3}.Release|x64.ActiveCfg = Release|Any CPU
		{4C2B899B-E381-443B-902A-68D70BA09FB3}.Release|x64.Build.0 = Release|Any CPU
		{4C2B899B-E381-443B-902A-68D70BA09FB3}.Release|x86.ActiveCfg = Release|Any CPU
		{4C2B899B-E381-443B-902A-68D70BA09FB3}.Release|x86.Build.0 = Release|Any CPU
	EndGlobalSection
	GlobalSection(SolutionProperties) = preSolution
		HideSolutionNode = FALSE
	EndGlobalSection
EndGlobal
